{
  "name": "@lumia/cli",
  "version": "0.0.0",
  "lockfileVersion": 3,
  "requires": true,
  "packages": {
    "": {
      "name": "@lumia/cli",
      "version": "0.0.0",
      "license": "ISC",
      "dependencies": {
        "chalk": "^5.6.2",
        "commander": "^13.1.0",
        "fs-extra": "^11.3.2",
        "inquirer": "^13.0.2"
      },
      "bin": {
        "lumia": "bin/lumia.js",
        "lumia-icon-import": "bin/lumia-icon-import.js",
        "lumia-resource": "bin/lumia-resource.js"
      },
      "devDependencies": {
        "@types/fs-extra": "^11.0.4",
        "@types/inquirer": "^9.0.9",
        "@types/node": "^22.10.2",
        "@vitest/coverage-v8": "^2.1.9",
        "tsup": "^8.5.1",
        "typescript": "^5.9.3",
        "vitest": "^2.1.9"
      }
    },
    "../../node_modules/.pnpm/@types+node@22.19.2/node_modules/@types/node": {
      "version": "22.19.2",
      "devOptional": true,
      "license": "MIT",
      "dependencies": {
        "undici-types": "~6.21.0"
      }
    },
    "../../node_modules/.pnpm/@vitest+coverage-v8@2.1.9_vitest@2.1.9_@types+node@22.19.2_happy-dom@20.0.10_jsdom@27.2.0_terser@5.44.1_/node_modules/@vitest/coverage-v8": {
      "version": "2.1.9",
      "dev": true,
      "license": "MIT",
      "dependencies": {
        "@ampproject/remapping": "^2.3.0",
        "@bcoe/v8-coverage": "^0.2.3",
        "debug": "^4.3.7",
        "istanbul-lib-coverage": "^3.2.2",
        "istanbul-lib-report": "^3.0.1",
        "istanbul-lib-source-maps": "^5.0.6",
        "istanbul-reports": "^3.1.7",
        "magic-string": "^0.30.12",
        "magicast": "^0.3.5",
        "std-env": "^3.8.0",
        "test-exclude": "^7.0.1",
        "tinyrainbow": "^1.2.0"
      },
      "devDependencies": {
        "@types/debug": "^4.1.12",
        "@types/istanbul-lib-coverage": "^2.0.6",
        "@types/istanbul-lib-report": "^3.0.3",
        "@types/istanbul-lib-source-maps": "^4.0.4",
        "@types/istanbul-reports": "^3.0.4",
        "@types/test-exclude": "^6.0.2",
        "@vitest/browser": "2.1.9",
        "pathe": "^1.1.2",
        "v8-to-istanbul": "^9.3.0",
        "vite-node": "2.1.9",
        "vitest": "2.1.9"
      },
      "funding": {
        "url": "https://opencollective.com/vitest"
      },
      "peerDependencies": {
        "@vitest/browser": "2.1.9",
        "vitest": "2.1.9"
      },
      "peerDependenciesMeta": {
        "@vitest/browser": {
          "optional": true
        }
      }
    },
    "../../node_modules/.pnpm/commander@13.1.0/node_modules/commander": {
      "version": "13.1.0",
      "license": "MIT",
      "devDependencies": {
        "@eslint/js": "^9.4.0",
        "@types/jest": "^29.2.4",
        "@types/node": "^22.7.4",
        "eslint": "^9.17.0",
        "eslint-config-prettier": "^9.1.0",
        "eslint-plugin-jest": "^28.3.0",
        "globals": "^15.7.0",
        "jest": "^29.3.1",
        "prettier": "^3.2.5",
        "ts-jest": "^29.0.3",
        "tsd": "^0.31.0",
        "typescript": "^5.0.4",
        "typescript-eslint": "^8.12.2"
      },
      "engines": {
        "node": ">=18"
      }
    },
    "../../node_modules/.pnpm/tsup@8.5.1_jiti@1.21.7_postcss@8.5.6_typescript@5.9.3/node_modules/tsup": {
      "version": "8.5.1",
      "dev": true,
      "license": "MIT",
      "dependencies": {
        "bundle-require": "^5.1.0",
        "cac": "^6.7.14",
        "chokidar": "^4.0.3",
        "consola": "^3.4.0",
        "debug": "^4.4.0",
        "esbuild": "^0.27.0",
        "fix-dts-default-cjs-exports": "^1.0.0",
        "joycon": "^3.1.1",
        "picocolors": "^1.1.1",
        "postcss-load-config": "^6.0.1",
        "resolve-from": "^5.0.0",
        "rollup": "^4.34.8",
        "source-map": "^0.7.6",
        "sucrase": "^3.35.0",
        "tinyexec": "^0.3.2",
        "tinyglobby": "^0.2.11",
        "tree-kill": "^1.2.2"
      },
      "bin": {
        "tsup": "dist/cli-default.js",
        "tsup-node": "dist/cli-node.js"
      },
      "devDependencies": {
        "@microsoft/api-extractor": "^7.50.0",
        "@rollup/plugin-json": "6.1.0",
        "@swc/core": "1.10.18",
        "@types/debug": "4.1.12",
        "@types/node": "22.13.4",
        "@types/resolve": "1.20.6",
        "bumpp": "^10.0.3",
        "flat": "6.0.1",
        "postcss": "8.5.2",
        "postcss-simple-vars": "7.0.1",
        "prettier": "3.5.1",
        "resolve": "1.22.10",
        "rollup-plugin-dts": "6.1.1",
        "sass": "1.85.0",
        "strip-json-comments": "5.0.1",
        "svelte": "5.19.9",
        "svelte-preprocess": "6.0.3",
        "terser": "^5.39.0",
        "ts-essentials": "10.0.4",
        "tsup": "8.3.6",
        "typescript": "5.7.3",
        "vitest": "3.0.6",
        "wait-for-expect": "3.0.2"
      },
      "engines": {
        "node": ">=18"
      },
      "peerDependencies": {
        "@microsoft/api-extractor": "^7.36.0",
        "@swc/core": "^1",
        "postcss": "^8.4.12",
        "typescript": ">=4.5.0"
      },
      "peerDependenciesMeta": {
        "@microsoft/api-extractor": {
          "optional": true
        },
        "@swc/core": {
          "optional": true
        },
        "postcss": {
          "optional": true
        },
        "typescript": {
          "optional": true
        }
      }
    },
    "../../node_modules/.pnpm/typescript@5.9.3/node_modules/typescript": {
      "version": "5.9.3",
      "dev": true,
      "license": "Apache-2.0",
      "bin": {
        "tsc": "bin/tsc",
        "tsserver": "bin/tsserver"
      },
      "devDependencies": {
        "@dprint/formatter": "^0.4.1",
        "@dprint/typescript": "0.93.4",
        "@esfx/canceltoken": "^1.0.0",
        "@eslint/js": "^9.20.0",
        "@octokit/rest": "^21.1.1",
        "@types/chai": "^4.3.20",
        "@types/diff": "^7.0.1",
        "@types/minimist": "^1.2.5",
        "@types/mocha": "^10.0.10",
        "@types/ms": "^0.7.34",
        "@types/node": "latest",
        "@types/source-map-support": "^0.5.10",
        "@types/which": "^3.0.4",
        "@typescript-eslint/rule-tester": "^8.24.1",
        "@typescript-eslint/type-utils": "^8.24.1",
        "@typescript-eslint/utils": "^8.24.1",
        "azure-devops-node-api": "^14.1.0",
        "c8": "^10.1.3",
        "chai": "^4.5.0",
        "chokidar": "^4.0.3",
        "diff": "^7.0.0",
        "dprint": "^0.49.0",
        "esbuild": "^0.25.0",
        "eslint": "^9.20.1",
        "eslint-formatter-autolinkable-stylish": "^1.4.0",
        "eslint-plugin-regexp": "^2.7.0",
        "fast-xml-parser": "^4.5.2",
        "glob": "^10.4.5",
        "globals": "^15.15.0",
        "hereby": "^1.10.0",
        "jsonc-parser": "^3.3.1",
        "knip": "^5.44.4",
        "minimist": "^1.2.8",
        "mocha": "^10.8.2",
        "mocha-fivemat-progress-reporter": "^0.1.0",
        "monocart-coverage-reports": "^2.12.1",
        "ms": "^2.1.3",
        "picocolors": "^1.1.1",
        "playwright": "^1.50.1",
        "source-map-support": "^0.5.21",
        "tslib": "^2.8.1",
        "typescript": "^5.7.3",
        "typescript-eslint": "^8.24.1",
        "which": "^3.0.1"
      },
      "engines": {
        "node": ">=14.17"
      }
    },
    "../../node_modules/.pnpm/vitest@2.1.9_@types+node@22.19.2_happy-dom@20.0.10_jsdom@27.2.0_terser@5.44.1/node_modules/vitest": {
      "version": "2.1.9",
      "dev": true,
      "license": "MIT",
      "dependencies": {
        "@vitest/expect": "2.1.9",
        "@vitest/mocker": "2.1.9",
        "@vitest/pretty-format": "^2.1.9",
        "@vitest/runner": "2.1.9",
        "@vitest/snapshot": "2.1.9",
        "@vitest/spy": "2.1.9",
        "@vitest/utils": "2.1.9",
        "chai": "^5.1.2",
        "debug": "^4.3.7",
        "expect-type": "^1.1.0",
        "magic-string": "^0.30.12",
        "pathe": "^1.1.2",
        "std-env": "^3.8.0",
        "tinybench": "^2.9.0",
        "tinyexec": "^0.3.1",
        "tinypool": "^1.0.1",
        "tinyrainbow": "^1.2.0",
        "vite": "^5.0.0",
        "vite-node": "2.1.9",
        "why-is-node-running": "^2.3.0"
      },
      "bin": {
        "vitest": "vitest.mjs"
      },
      "devDependencies": {
        "@ampproject/remapping": "^2.3.0",
        "@antfu/install-pkg": "^0.4.1",
        "@edge-runtime/vm": "^4.0.4",
        "@sinonjs/fake-timers": "11.1.0",
        "@types/debug": "^4.1.12",
        "@types/estree": "^1.0.6",
        "@types/istanbul-lib-coverage": "^2.0.6",
        "@types/istanbul-reports": "^3.0.4",
        "@types/jsdom": "^21.1.7",
        "@types/micromatch": "^4.0.9",
        "@types/node": "^22.9.0",
        "@types/prompts": "^2.4.9",
        "@types/sinonjs__fake-timers": "^8.1.5",
        "acorn-walk": "^8.3.4",
        "birpc": "0.2.19",
        "cac": "^6.7.14",
        "chai-subset": "^1.6.0",
        "cli-truncate": "^4.0.0",
        "fast-glob": "3.3.2",
        "find-up": "^6.3.0",
        "flatted": "^3.3.1",
        "get-tsconfig": "^4.8.1",
        "happy-dom": "^15.11.4",
        "jsdom": "^25.0.1",
        "local-pkg": "^0.5.0",
        "log-update": "^5.0.1",
        "micromatch": "^4.0.8",
        "pretty-format": "^29.7.0",
        "prompts": "^2.4.2",
        "strip-literal": "^2.1.0",
        "ws": "^8.18.0"
      },
      "engines": {
        "node": "^18.0.0 || >=20.0.0"
      },
      "funding": {
        "url": "https://opencollective.com/vitest"
      },
      "peerDependencies": {
        "@edge-runtime/vm": "*",
        "@types/node": "^18.0.0 || >=20.0.0",
        "@vitest/browser": "2.1.9",
        "@vitest/ui": "2.1.9",
        "happy-dom": "*",
        "jsdom": "*"
      },
      "peerDependenciesMeta": {
        "@edge-runtime/vm": {
          "optional": true
        },
        "@types/node": {
          "optional": true
        },
        "@vitest/browser": {
          "optional": true
        },
        "@vitest/ui": {
          "optional": true
        },
        "happy-dom": {
          "optional": true
        },
        "jsdom": {
          "optional": true
        }
      }
    },
    "node_modules/@inquirer/ansi": {
      "version": "2.0.2",
      "resolved": "https://registry.npmjs.org/@inquirer/ansi/-/ansi-2.0.2.tgz",
      "integrity": "sha512-SYLX05PwJVnW+WVegZt1T4Ip1qba1ik+pNJPDiqvk6zS5Y/i8PhRzLpGEtVd7sW0G8cMtkD8t4AZYhQwm8vnww==",
      "engines": {
        "node": ">=23.5.0 || ^22.13.0 || ^21.7.0 || ^20.12.0"
      }
    },
    "node_modules/@inquirer/checkbox": {
      "version": "5.0.2",
      "resolved": "https://registry.npmjs.org/@inquirer/checkbox/-/checkbox-5.0.2.tgz",
      "integrity": "sha512-iTPV4tMMct7iOpwer5qmTP7gjnk1VQJjsNfAaC2b8Q3qiuHM3K2yjjDr5u1MKfkrvp2JD4Flf8sIPpF21pmZmw==",
      "dependencies": {
        "@inquirer/ansi": "^2.0.2",
        "@inquirer/core": "^11.0.2",
        "@inquirer/figures": "^2.0.2",
        "@inquirer/type": "^4.0.2"
      },
      "engines": {
        "node": ">=23.5.0 || ^22.13.0 || ^21.7.0 || ^20.12.0"
      },
      "peerDependencies": {
        "@types/node": ">=18"
      },
      "peerDependenciesMeta": {
        "@types/node": {
          "optional": true
        }
      }
    },
    "node_modules/@inquirer/confirm": {
      "version": "6.0.2",
      "resolved": "https://registry.npmjs.org/@inquirer/confirm/-/confirm-6.0.2.tgz",
      "integrity": "sha512-A0/13Wyi+8iFeNDX6D4zZYKPoBLIEbE4K/219qHcnpXMer2weWvaTo63+2c7mQPPA206DEMSYVOPnEw3meOlCw==",
      "dependencies": {
        "@inquirer/core": "^11.0.2",
        "@inquirer/type": "^4.0.2"
      },
      "engines": {
        "node": ">=23.5.0 || ^22.13.0 || ^21.7.0 || ^20.12.0"
      },
      "peerDependencies": {
        "@types/node": ">=18"
      },
      "peerDependenciesMeta": {
        "@types/node": {
          "optional": true
        }
      }
    },
    "node_modules/@inquirer/core": {
      "version": "11.0.2",
      "resolved": "https://registry.npmjs.org/@inquirer/core/-/core-11.0.2.tgz",
      "integrity": "sha512-lgMRx/n02ciiNELBvFLHtmcjbV5tf5D/I0UYfCg2YbTZWmBZ10/niLd3IjWBxz8LtM27xP+4oLEa06Slmb7p7A==",
      "dependencies": {
        "@inquirer/ansi": "^2.0.2",
        "@inquirer/figures": "^2.0.2",
        "@inquirer/type": "^4.0.2",
        "cli-width": "^4.1.0",
        "mute-stream": "^3.0.0",
        "signal-exit": "^4.1.0",
        "wrap-ansi": "^9.0.2"
      },
      "engines": {
        "node": ">=23.5.0 || ^22.13.0 || ^21.7.0 || ^20.12.0"
      },
      "peerDependencies": {
        "@types/node": ">=18"
      },
      "peerDependenciesMeta": {
        "@types/node": {
          "optional": true
        }
      }
    },
    "node_modules/@inquirer/editor": {
      "version": "5.0.2",
      "resolved": "https://registry.npmjs.org/@inquirer/editor/-/editor-5.0.2.tgz",
      "integrity": "sha512-pXQ4Nf0qmFcJuYB6NlcIIxH6l6zKOwNg1Jh/ZRdKd2dTqBB4OXKUFbFwR2K4LVXVtq15ZFFatBVT+rerYR8hWQ==",
      "dependencies": {
        "@inquirer/core": "^11.0.2",
        "@inquirer/external-editor": "^2.0.2",
        "@inquirer/type": "^4.0.2"
      },
      "engines": {
        "node": ">=23.5.0 || ^22.13.0 || ^21.7.0 || ^20.12.0"
      },
      "peerDependencies": {
        "@types/node": ">=18"
      },
      "peerDependenciesMeta": {
        "@types/node": {
          "optional": true
        }
      }
    },
    "node_modules/@inquirer/expand": {
      "version": "5.0.2",
      "resolved": "https://registry.npmjs.org/@inquirer/expand/-/expand-5.0.2.tgz",
      "integrity": "sha512-siFG1swxfjFIOxIcehtZkh+KUNB/YCpyfHNEGu+nC/SBXIbgUWibvThLn/WesSxLRGOeSKdNKoTm+GQCKFm6Ww==",
      "dependencies": {
        "@inquirer/core": "^11.0.2",
        "@inquirer/type": "^4.0.2"
      },
      "engines": {
        "node": ">=23.5.0 || ^22.13.0 || ^21.7.0 || ^20.12.0"
      },
      "peerDependencies": {
        "@types/node": ">=18"
      },
      "peerDependenciesMeta": {
        "@types/node": {
          "optional": true
        }
      }
    },
    "node_modules/@inquirer/external-editor": {
      "version": "2.0.2",
      "resolved": "https://registry.npmjs.org/@inquirer/external-editor/-/external-editor-2.0.2.tgz",
      "integrity": "sha512-X/fMXK7vXomRWEex1j8mnj7s1mpnTeP4CO/h2gysJhHLT2WjBnLv4ZQEGpm/kcYI8QfLZ2fgW+9kTKD+jeopLg==",
      "dependencies": {
        "chardet": "^2.1.1",
        "iconv-lite": "^0.7.0"
      },
      "engines": {
        "node": ">=23.5.0 || ^22.13.0 || ^21.7.0 || ^20.12.0"
      },
      "peerDependencies": {
        "@types/node": ">=18"
      },
      "peerDependenciesMeta": {
        "@types/node": {
          "optional": true
        }
      }
    },
    "node_modules/@inquirer/figures": {
      "version": "2.0.2",
      "resolved": "https://registry.npmjs.org/@inquirer/figures/-/figures-2.0.2.tgz",
      "integrity": "sha512-qXm6EVvQx/FmnSrCWCIGtMHwqeLgxABP8XgcaAoywsL0NFga9gD5kfG0gXiv80GjK9Hsoz4pgGwF/+CjygyV9A==",
      "engines": {
        "node": ">=23.5.0 || ^22.13.0 || ^21.7.0 || ^20.12.0"
      }
    },
    "node_modules/@inquirer/input": {
      "version": "5.0.2",
      "resolved": "https://registry.npmjs.org/@inquirer/input/-/input-5.0.2.tgz",
      "integrity": "sha512-hN2YRo1QiEc9lD3mK+CPnTS4TK2RhCMmMmP4nCWwTkmQL2vx9jPJWYk+rbUZpwR1D583ZJk1FI3i9JZXIpi/qg==",
      "dependencies": {
        "@inquirer/core": "^11.0.2",
        "@inquirer/type": "^4.0.2"
      },
      "engines": {
        "node": ">=23.5.0 || ^22.13.0 || ^21.7.0 || ^20.12.0"
      },
      "peerDependencies": {
        "@types/node": ">=18"
      },
      "peerDependenciesMeta": {
        "@types/node": {
          "optional": true
        }
      }
    },
    "node_modules/@inquirer/number": {
      "version": "4.0.2",
      "resolved": "https://registry.npmjs.org/@inquirer/number/-/number-4.0.2.tgz",
      "integrity": "sha512-4McnjTSYrlthNW1ojkkmP75WLRYhQs7GXm6pDDoIrHqJuV5uUYwfdbB0geHdaKMarAqJQgoOVjzIT0jdWCsKew==",
      "dependencies": {
        "@inquirer/core": "^11.0.2",
        "@inquirer/type": "^4.0.2"
      },
      "engines": {
        "node": ">=23.5.0 || ^22.13.0 || ^21.7.0 || ^20.12.0"
      },
      "peerDependencies": {
        "@types/node": ">=18"
      },
      "peerDependenciesMeta": {
        "@types/node": {
          "optional": true
        }
      }
    },
    "node_modules/@inquirer/password": {
      "version": "5.0.2",
      "resolved": "https://registry.npmjs.org/@inquirer/password/-/password-5.0.2.tgz",
      "integrity": "sha512-oSDziMKiw4G2e4zS+0JRfxuPFFGh6N/9yUaluMgEHp2/Yyj2JGwfDO7XbwtOrxVrz+XsP/iaGyWXdQb9d8A0+g==",
      "dependencies": {
        "@inquirer/ansi": "^2.0.2",
        "@inquirer/core": "^11.0.2",
        "@inquirer/type": "^4.0.2"
      },
      "engines": {
        "node": ">=23.5.0 || ^22.13.0 || ^21.7.0 || ^20.12.0"
      },
      "peerDependencies": {
        "@types/node": ">=18"
      },
      "peerDependenciesMeta": {
        "@types/node": {
          "optional": true
        }
      }
    },
    "node_modules/@inquirer/prompts": {
      "version": "8.0.2",
      "resolved": "https://registry.npmjs.org/@inquirer/prompts/-/prompts-8.0.2.tgz",
      "integrity": "sha512-2zK5zY48fZcl6+gG4eqOC/UzZsJckHCRvjXoLuW4D8LKOCVGdcJiSKkLnumSZjR/6PXPINDGOrGHqNxb+sxJDg==",
      "dependencies": {
        "@inquirer/checkbox": "^5.0.2",
        "@inquirer/confirm": "^6.0.2",
        "@inquirer/editor": "^5.0.2",
        "@inquirer/expand": "^5.0.2",
        "@inquirer/input": "^5.0.2",
        "@inquirer/number": "^4.0.2",
        "@inquirer/password": "^5.0.2",
        "@inquirer/rawlist": "^5.0.2",
        "@inquirer/search": "^4.0.2",
        "@inquirer/select": "^5.0.2"
      },
      "engines": {
        "node": ">=23.5.0 || ^22.13.0 || ^21.7.0 || ^20.12.0"
      },
      "peerDependencies": {
        "@types/node": ">=18"
      },
      "peerDependenciesMeta": {
        "@types/node": {
          "optional": true
        }
      }
    },
    "node_modules/@inquirer/rawlist": {
      "version": "5.0.2",
      "resolved": "https://registry.npmjs.org/@inquirer/rawlist/-/rawlist-5.0.2.tgz",
      "integrity": "sha512-AcNALEdQKUQDeJcpC1a3YC53m1MLv+sMUS+vRZ8Qigs1Yg3Dcdtmi82rscJplogKOY8CXkKW4wvVwHS2ZjCIBQ==",
      "dependencies": {
        "@inquirer/core": "^11.0.2",
        "@inquirer/type": "^4.0.2"
      },
      "engines": {
        "node": ">=23.5.0 || ^22.13.0 || ^21.7.0 || ^20.12.0"
      },
      "peerDependencies": {
        "@types/node": ">=18"
      },
      "peerDependenciesMeta": {
        "@types/node": {
          "optional": true
        }
      }
    },
    "node_modules/@inquirer/search": {
      "version": "4.0.2",
      "resolved": "https://registry.npmjs.org/@inquirer/search/-/search-4.0.2.tgz",
      "integrity": "sha512-hg63w5toohdzE65S3LiGhdfIL0kT+yisbZARf7zw65PvyMUTutTN3eMAvD/B6y/25z88vTrB7kSB45Vz5CbrXg==",
      "dependencies": {
        "@inquirer/core": "^11.0.2",
        "@inquirer/figures": "^2.0.2",
        "@inquirer/type": "^4.0.2"
      },
      "engines": {
        "node": ">=23.5.0 || ^22.13.0 || ^21.7.0 || ^20.12.0"
      },
      "peerDependencies": {
        "@types/node": ">=18"
      },
      "peerDependenciesMeta": {
        "@types/node": {
          "optional": true
        }
      }
    },
    "node_modules/@inquirer/select": {
      "version": "5.0.2",
      "resolved": "https://registry.npmjs.org/@inquirer/select/-/select-5.0.2.tgz",
      "integrity": "sha512-JygTohvQxSNnvt7IKANVlg/eds+yN5sLRilYeGc4ri/9Aqi/2QPoXBMV5Cz/L1VtQv63SnTbPXJZeCK2pSwsOA==",
      "dependencies": {
        "@inquirer/ansi": "^2.0.2",
        "@inquirer/core": "^11.0.2",
        "@inquirer/figures": "^2.0.2",
        "@inquirer/type": "^4.0.2"
      },
      "engines": {
        "node": ">=23.5.0 || ^22.13.0 || ^21.7.0 || ^20.12.0"
      },
      "peerDependencies": {
        "@types/node": ">=18"
      },
      "peerDependenciesMeta": {
        "@types/node": {
          "optional": true
        }
      }
    },
    "node_modules/@inquirer/type": {
      "version": "4.0.2",
      "resolved": "https://registry.npmjs.org/@inquirer/type/-/type-4.0.2.tgz",
      "integrity": "sha512-cae7mzluplsjSdgFA6ACLygb5jC8alO0UUnFPyu0E7tNRPrL+q/f8VcSXp+cjZQ7l5CMpDpi2G1+IQvkOiL1Lw==",
      "engines": {
        "node": ">=23.5.0 || ^22.13.0 || ^21.7.0 || ^20.12.0"
      },
      "peerDependencies": {
        "@types/node": ">=18"
      },
      "peerDependenciesMeta": {
        "@types/node": {
          "optional": true
        }
      }
    },
    "node_modules/@types/fs-extra": {
      "version": "11.0.4",
      "resolved": "https://registry.npmjs.org/@types/fs-extra/-/fs-extra-11.0.4.tgz",
      "integrity": "sha512-yTbItCNreRooED33qjunPthRcSjERP1r4MqCZc7wv0u2sUkzTFp45tgUfS5+r7FrZPdmCCNflLhVSP/o+SemsQ==",
      "dev": true,
      "dependencies": {
        "@types/jsonfile": "*",
        "@types/node": "*"
      }
    },
    "node_modules/@types/inquirer": {
      "version": "9.0.9",
      "resolved": "https://registry.npmjs.org/@types/inquirer/-/inquirer-9.0.9.tgz",
      "integrity": "sha512-/mWx5136gts2Z2e5izdoRCo46lPp5TMs9R15GTSsgg/XnZyxDWVqoVU3R9lWnccKpqwsJLvRoxbCjoJtZB7DSw==",
      "dev": true,
      "dependencies": {
        "@types/through": "*",
        "rxjs": "^7.2.0"
      }
    },
    "node_modules/@types/jsonfile": {
      "version": "6.1.4",
      "resolved": "https://registry.npmjs.org/@types/jsonfile/-/jsonfile-6.1.4.tgz",
      "integrity": "sha512-D5qGUYwjvnNNextdU59/+fI+spnwtTFmyQP0h+PfIOSkNfpU6AOICUOkm4i0OnSk+NyjdPJrxCDro0sJsWlRpQ==",
      "dev": true,
      "dependencies": {
        "@types/node": "*"
      }
    },
    "node_modules/@types/node": {
      "resolved": "../../node_modules/.pnpm/@types+node@22.19.2/node_modules/@types/node",
      "link": true
    },
    "node_modules/@types/through": {
      "version": "0.0.33",
      "resolved": "https://registry.npmjs.org/@types/through/-/through-0.0.33.tgz",
      "integrity": "sha512-HsJ+z3QuETzP3cswwtzt2vEIiHBk/dCcHGhbmG5X3ecnwFD/lPrMpliGXxSCg03L9AhrdwA4Oz/qfspkDW+xGQ==",
      "dev": true,
      "dependencies": {
        "@types/node": "*"
      }
    },
    "node_modules/@vitest/coverage-v8": {
      "resolved": "../../node_modules/.pnpm/@vitest+coverage-v8@2.1.9_vitest@2.1.9_@types+node@22.19.2_happy-dom@20.0.10_jsdom@27.2.0_terser@5.44.1_/node_modules/@vitest/coverage-v8",
      "link": true
    },
    "node_modules/ansi-regex": {
      "version": "6.2.2",
      "resolved": "https://registry.npmjs.org/ansi-regex/-/ansi-regex-6.2.2.tgz",
      "integrity": "sha512-Bq3SmSpyFHaWjPk8If9yc6svM8c56dB5BAtW4Qbw5jHTwwXXcTLoRMkpDJp6VL0XzlWaCHTXrkFURMYmD0sLqg==",
      "engines": {
        "node": ">=12"
      },
      "funding": {
        "url": "https://github.com/chalk/ansi-regex?sponsor=1"
      }
    },
    "node_modules/ansi-styles": {
      "version": "6.2.3",
      "resolved": "https://registry.npmjs.org/ansi-styles/-/ansi-styles-6.2.3.tgz",
      "integrity": "sha512-4Dj6M28JB+oAH8kFkTLUo+a2jwOFkuqb3yucU0CANcRRUbxS0cP0nZYCGjcc3BNXwRIsUVmDGgzawme7zvJHvg==",
      "engines": {
        "node": ">=12"
      },
      "funding": {
        "url": "https://github.com/chalk/ansi-styles?sponsor=1"
      }
    },
    "node_modules/chalk": {
      "version": "5.6.2",
      "resolved": "https://registry.npmjs.org/chalk/-/chalk-5.6.2.tgz",
      "integrity": "sha512-7NzBL0rN6fMUW+f7A6Io4h40qQlG+xGmtMxfbnH/K7TAtt8JQWVQK+6g0UXKMeVJoyV5EkkNsErQ8pVD3bLHbA==",
      "engines": {
        "node": "^12.17.0 || ^14.13 || >=16.0.0"
      },
      "funding": {
        "url": "https://github.com/chalk/chalk?sponsor=1"
      }
    },
    "node_modules/chardet": {
      "version": "2.1.1",
      "resolved": "https://registry.npmjs.org/chardet/-/chardet-2.1.1.tgz",
      "integrity": "sha512-PsezH1rqdV9VvyNhxxOW32/d75r01NY7TQCmOqomRo15ZSOKbpTFVsfjghxo6JloQUCGnH4k1LGu0R4yCLlWQQ=="
    },
    "node_modules/cli-width": {
      "version": "4.1.0",
      "resolved": "https://registry.npmjs.org/cli-width/-/cli-width-4.1.0.tgz",
      "integrity": "sha512-ouuZd4/dm2Sw5Gmqy6bGyNNNe1qt9RpmxveLSO7KcgsTnU7RXfsw+/bukWGo1abgBiMAic068rclZsO4IWmmxQ==",
      "engines": {
        "node": ">= 12"
      }
    },
    "node_modules/commander": {
      "resolved": "../../node_modules/.pnpm/commander@13.1.0/node_modules/commander",
      "link": true
    },
    "node_modules/emoji-regex": {
      "version": "10.6.0",
      "resolved": "https://registry.npmjs.org/emoji-regex/-/emoji-regex-10.6.0.tgz",
      "integrity": "sha512-toUI84YS5YmxW219erniWD0CIVOo46xGKColeNQRgOzDorgBi1v4D71/OFzgD9GO2UGKIv1C3Sp8DAn0+j5w7A=="
    },
    "node_modules/fs-extra": {
      "version": "11.3.2",
      "resolved": "https://registry.npmjs.org/fs-extra/-/fs-extra-11.3.2.tgz",
      "integrity": "sha512-Xr9F6z6up6Ws+NjzMCZc6WXg2YFRlrLP9NQDO3VQrWrfiojdhS56TzueT88ze0uBdCTwEIhQ3ptnmKeWGFAe0A==",
      "dependencies": {
        "graceful-fs": "^4.2.0",
        "jsonfile": "^6.0.1",
        "universalify": "^2.0.0"
      },
      "engines": {
        "node": ">=14.14"
      }
    },
    "node_modules/get-east-asian-width": {
      "version": "1.4.0",
      "resolved": "https://registry.npmjs.org/get-east-asian-width/-/get-east-asian-width-1.4.0.tgz",
      "integrity": "sha512-QZjmEOC+IT1uk6Rx0sX22V6uHWVwbdbxf1faPqJ1QhLdGgsRGCZoyaQBm/piRdJy/D2um6hM1UP7ZEeQ4EkP+Q==",
      "engines": {
        "node": ">=18"
      },
      "funding": {
        "url": "https://github.com/sponsors/sindresorhus"
      }
    },
    "node_modules/graceful-fs": {
      "version": "4.2.11",
      "resolved": "https://registry.npmjs.org/graceful-fs/-/graceful-fs-4.2.11.tgz",
      "integrity": "sha512-RbJ5/jmFcNNCcDV5o9eTnBLJ/HszWV0P73bc+Ff4nS/rJj+YaS6IGyiOL0VoBYX+l1Wrl3k63h/KrH+nhJ0XvQ=="
    },
    "node_modules/iconv-lite": {
      "version": "0.7.0",
      "resolved": "https://registry.npmjs.org/iconv-lite/-/iconv-lite-0.7.0.tgz",
      "integrity": "sha512-cf6L2Ds3h57VVmkZe+Pn+5APsT7FpqJtEhhieDCvrE2MK5Qk9MyffgQyuxQTm6BChfeZNtcOLHp9IcWRVcIcBQ==",
      "dependencies": {
        "safer-buffer": ">= 2.1.2 < 3.0.0"
      },
      "engines": {
        "node": ">=0.10.0"
      },
      "funding": {
        "type": "opencollective",
        "url": "https://opencollective.com/express"
      }
    },
    "node_modules/inquirer": {
      "version": "13.0.2",
      "resolved": "https://registry.npmjs.org/inquirer/-/inquirer-13.0.2.tgz",
      "integrity": "sha512-dgqORaV0s5vgDPFS5eSkq67xxDz8F4s1loWlDlSkqGs2JpU6WVIlp3c5TUvVDKwl53DlkcHYXzbEXDf4/Ipv3g==",
      "dependencies": {
        "@inquirer/ansi": "^2.0.2",
        "@inquirer/core": "^11.0.2",
        "@inquirer/prompts": "^8.0.2",
        "@inquirer/type": "^4.0.2",
        "mute-stream": "^3.0.0",
        "run-async": "^4.0.6",
        "rxjs": "^7.8.2"
      },
      "engines": {
        "node": ">=23.5.0 || ^22.13.0 || ^21.7.0 || ^20.12.0"
      },
      "peerDependencies": {
        "@types/node": ">=18"
      },
      "peerDependenciesMeta": {
        "@types/node": {
          "optional": true
        }
      }
    },
    "node_modules/jsonfile": {
      "version": "6.2.0",
      "resolved": "https://registry.npmjs.org/jsonfile/-/jsonfile-6.2.0.tgz",
      "integrity": "sha512-FGuPw30AdOIUTRMC2OMRtQV+jkVj2cfPqSeWXv1NEAJ1qZ5zb1X6z1mFhbfOB/iy3ssJCD+3KuZ8r8C3uVFlAg==",
      "dependencies": {
        "universalify": "^2.0.0"
      },
      "optionalDependencies": {
        "graceful-fs": "^4.1.6"
      }
    },
    "node_modules/mute-stream": {
      "version": "3.0.0",
      "resolved": "https://registry.npmjs.org/mute-stream/-/mute-stream-3.0.0.tgz",
      "integrity": "sha512-dkEJPVvun4FryqBmZ5KhDo0K9iDXAwn08tMLDinNdRBNPcYEDiWYysLcc6k3mjTMlbP9KyylvRpd4wFtwrT9rw==",
      "engines": {
        "node": "^20.17.0 || >=22.9.0"
      }
    },
    "node_modules/run-async": {
      "version": "4.0.6",
      "resolved": "https://registry.npmjs.org/run-async/-/run-async-4.0.6.tgz",
      "integrity": "sha512-IoDlSLTs3Yq593mb3ZoKWKXMNu3UpObxhgA/Xuid5p4bbfi2jdY1Hj0m1K+0/tEuQTxIGMhQDqGjKb7RuxGpAQ==",
      "engines": {
        "node": ">=0.12.0"
      }
    },
    "node_modules/rxjs": {
      "version": "7.8.2",
      "resolved": "https://registry.npmjs.org/rxjs/-/rxjs-7.8.2.tgz",
      "integrity": "sha512-dhKf903U/PQZY6boNNtAGdWbG85WAbjT/1xYoZIC7FAY0yWapOBQVsVrDl58W86//e1VpMNBtRV4MaXfdMySFA==",
      "dependencies": {
        "tslib": "^2.1.0"
      }
    },
    "node_modules/safer-buffer": {
      "version": "2.1.2",
      "resolved": "https://registry.npmjs.org/safer-buffer/-/safer-buffer-2.1.2.tgz",
      "integrity": "sha512-YZo3K82SD7Riyi0E1EQPojLz7kpepnSQI9IyPbHHg1XXXevb5dJI7tpyN2ADxGcQbHG7vcyRHk0cbwqcQriUtg=="
    },
    "node_modules/signal-exit": {
      "version": "4.1.0",
      "resolved": "https://registry.npmjs.org/signal-exit/-/signal-exit-4.1.0.tgz",
      "integrity": "sha512-bzyZ1e88w9O1iNJbKnOlvYTrWPDl46O1bG0D3XInv+9tkPrxrN8jUUTiFlDkkmKWgn1M6CfIA13SuGqOa9Korw==",
      "engines": {
        "node": ">=14"
      },
      "funding": {
        "url": "https://github.com/sponsors/isaacs"
      }
    },
    "node_modules/string-width": {
      "version": "7.2.0",
      "resolved": "https://registry.npmjs.org/string-width/-/string-width-7.2.0.tgz",
      "integrity": "sha512-tsaTIkKW9b4N+AEj+SVA+WhJzV7/zMhcSu78mLKWSk7cXMOSHsBKFWUs0fWwq8QyK3MgJBQRX6Gbi4kYbdvGkQ==",
      "dependencies": {
        "emoji-regex": "^10.3.0",
        "get-east-asian-width": "^1.0.0",
        "strip-ansi": "^7.1.0"
      },
      "engines": {
        "node": ">=18"
      },
      "funding": {
        "url": "https://github.com/sponsors/sindresorhus"
      }
    },
    "node_modules/strip-ansi": {
      "version": "7.1.2",
      "resolved": "https://registry.npmjs.org/strip-ansi/-/strip-ansi-7.1.2.tgz",
      "integrity": "sha512-gmBGslpoQJtgnMAvOVqGZpEz9dyoKTCzy2nfz/n8aIFhN/jCE/rCmcxabB6jOOHV+0WNnylOxaxBQPSvcWklhA==",
      "dependencies": {
        "ansi-regex": "^6.0.1"
      },
      "engines": {
        "node": ">=12"
      },
      "funding": {
        "url": "https://github.com/chalk/strip-ansi?sponsor=1"
      }
    },
    "node_modules/tslib": {
      "version": "2.8.1",
      "resolved": "https://registry.npmjs.org/tslib/-/tslib-2.8.1.tgz",
      "integrity": "sha512-oJFu94HQb+KVduSUQL7wnpmqnfmLsOA/nAh6b6EH0wCEoK0/mPeXU6c3wKDV83MkOuHPRHtSXKKU99IBazS/2w=="
    },
    "node_modules/tsup": {
      "resolved": "../../node_modules/.pnpm/tsup@8.5.1_jiti@1.21.7_postcss@8.5.6_typescript@5.9.3/node_modules/tsup",
      "link": true
    },
    "node_modules/typescript": {
      "resolved": "../../node_modules/.pnpm/typescript@5.9.3/node_modules/typescript",
      "link": true
    },
    "node_modules/universalify": {
      "version": "2.0.1",
      "resolved": "https://registry.npmjs.org/universalify/-/universalify-2.0.1.tgz",
      "integrity": "sha512-gptHNQghINnc/vTGIk0SOFGFNXw7JVrlRUtConJRlvaw6DuX0wO5Jeko9sWrMBhh+PsYAZ7oXAiOnf/UKogyiw==",
      "engines": {
        "node": ">= 10.0.0"
      }
    },
    "node_modules/vitest": {
      "resolved": "../../node_modules/.pnpm/vitest@2.1.9_@types+node@22.19.2_happy-dom@20.0.10_jsdom@27.2.0_terser@5.44.1/node_modules/vitest",
      "link": true
    },
    "node_modules/wrap-ansi": {
      "version": "9.0.2",
      "resolved": "https://registry.npmjs.org/wrap-ansi/-/wrap-ansi-9.0.2.tgz",
      "integrity": "sha512-42AtmgqjV+X1VpdOfyTGOYRi0/zsoLqtXQckTmqTeybT+BDIbM/Guxo7x3pE2vtpr1ok6xRqM9OpBe+Jyoqyww==",
      "dependencies": {
        "ansi-styles": "^6.2.1",
        "string-width": "^7.0.0",
        "strip-ansi": "^7.1.0"
      },
      "engines": {
        "node": ">=18"
      },
      "funding": {
        "url": "https://github.com/chalk/wrap-ansi?sponsor=1"
      }
    }
  }
}
